
Microsoft Visual Studio Solution File, Format Version 12.00
# Visual Studio 15
VisualStudioVersion = 15.0.28307.645
MinimumVisualStudioVersion = 10.0.40219.1
Project("{8BC9CEB8-8B4A-11D0-8D11-00A0C91BC942}") = "Carnage3D", "Carnage3D.vcxproj", "{169827B7-D0C3-481E-900C-A57549CBD984}"
EndProject
Project("{8BC9CEB8-8B4A-11D0-8D11-00A0C91BC942}") = "Box2D", "Box2D\Box2D.vcxproj", "{8701FDAE-68BB-4D20-851B-9E7B1B5DAE62}"
EndProject
Global
	GlobalSection(SolutionConfigurationPlatforms) = preSolution
		Debug|x64 = Debug|x64
		Debug|x86 = Debug|x86
		Release|x64 = Release|x64
		Release|x86 = Release|x86
	EndGlobalSection
	GlobalSection(ProjectConfigurationPlatforms) = postSolution
		{169827B7-D0C3-481E-900C-A57549CBD984}.Debug|x64.ActiveCfg = Debug|x64
		{169827B7-D0C3-481E-900C-A57549CBD984}.Debug|x64.Build.0 = Debug|x64
		{169827B7-D0C3-481E-900C-A57549CBD984}.Debug|x86.ActiveCfg = Debug|Win32
		{169827B7-D0C3-481E-900C-A57549CBD984}.Debug|x86.Build.0 = Debug|Win32
		{169827B7-D0C3-481E-900C-A57549CBD984}.Release|x64.ActiveCfg = Release|x64
		{169827B7-D0C3-481E-900C-A57549CBD984}.Release|x64.Build.0 = Release|x64
		{169827B7-D0C3-481E-900C-A57549CBD984}.Release|x86.ActiveCfg = Release|Win32
		{169827B7-D0C3-481E-900C-A57549CBD984}.Release|x86.Build.0 = Release|Win32
		{8701FDAE-68BB-4D20-851B-9E7B1B5DAE62}.Debug|x64.ActiveCfg = Debug|x64
		{8701FDAE-68BB-4D20-851B-9E7B1B5DAE62}.Debug|x64.Build.0 = Debug|x64
		{8701FDAE-68BB-4D20-851B-9E7B1B5DAE62}.Debug|x86.ActiveCfg = Debug|Win32
		{8701FDAE-68BB-4D20-851B-9E7B1B5DAE62}.Debug|x86.Build.0 = Debug|Win32
		{8701FDAE-68BB-4D20-851B-9E7B1B5DAE62}.Release|x64.ActiveCfg = Release|x64
		{8701FDAE-68BB-4D20-851B-9E7B1B5DAE62}.Release|x64.Build.0 = Release|x64
		{8701FDAE-68BB-4D20-851B-9E7B1B5DAE62}.Release|x86.ActiveCfg = Release|Win32
		{8701FDAE-68BB-4D20-851B-9E7B1B5DAE62}.Release|x86.Build.0 = Release|Win32
	EndGlobalSection
	GlobalSection(SolutionProperties) = preSolution
		HideSolutionNode = FALSE
	EndGlobalSection
	GlobalSection(ExtensibilityGlobals) = postSolution
		SolutionGuid = {0A5A8077-FC9D-40E3-941D-784212401FCE}
	EndGlobalSection
EndGlobal
