<?xml version="1.0" encoding="utf-8"?>
<Project ToolsVersion="4.0" xmlns="http://schemas.microsoft.com/developer/msbuild/2003">
  <ItemGroup>
    <Filter Include="_Pch">
      <UniqueIdentifier>{93995380-89BD-4b04-88EB-625FBE52EBFB}</UniqueIdentifier>
      <Extensions>h;hh;hpp;hxx;hm;inl;inc;xsd</Extensions>
    </Filter>
    <Filter Include="Lib">
      <UniqueIdentifier>{9327d855-594b-480f-9bb6-f945ba24d138}</UniqueIdentifier>
    </Filter>
    <Filter Include="Docs">
      <UniqueIdentifier>{caef6826-64e1-4445-a245-6161ac87ba7e}</UniqueIdentifier>
    </Filter>
    <Filter Include="Data">
      <UniqueIdentifier>{8f0add5f-f347-486d-8d59-290e803a60c1}</UniqueIdentifier>
    </Filter>
    <Filter Include="Graphics">
      <UniqueIdentifier>{9404e22a-5edb-423f-a41f-b4ec226e6311}</UniqueIdentifier>
    </Filter>
    <Filter Include="Application">
      <UniqueIdentifier>{7bc9d5ce-6088-41d3-822e-279255239e24}</UniqueIdentifier>
    </Filter>
    <Filter Include="Game">
      <UniqueIdentifier>{8d55ffe5-3706-424b-97c4-1ad8379162f6}</UniqueIdentifier>
    </Filter>
    <Filter Include="Data\config">
      <UniqueIdentifier>{d9a808c1-c58f-449e-a952-e5a1c71e9044}</UniqueIdentifier>
    </Filter>
    <Filter Include="Data\shaders">
      <UniqueIdentifier>{400b3b38-eea0-4c00-abd6-a83376d63fce}</UniqueIdentifier>
    </Filter>
    <Filter Include="Game\Rendering">
      <UniqueIdentifier>{3c3cf768-b65d-4114-8aa7-4d10f76371ab}</UniqueIdentifier>
    </Filter>
    <Filter Include="Game\GUI">
      <UniqueIdentifier>{2012cf28-2f74-4790-abf5-66d9b339079b}</UniqueIdentifier>
    </Filter>
    <Filter Include="Third_Party">
      <UniqueIdentifier>{1f1ffaf5-f87b-44d2-b090-043999b5fdca}</UniqueIdentifier>
    </Filter>
    <Filter Include="Third_Party\imgui">
      <UniqueIdentifier>{0007b562-ec72-4afb-99a1-fc5711dc8e50}</UniqueIdentifier>
    </Filter>
    <Filter Include="Third_Party\cjson">
      <UniqueIdentifier>{c13f070d-0830-4fa7-87c5-ebd42a7e33d2}</UniqueIdentifier>
    </Filter>
    <Filter Include="Third_Party\stb">
      <UniqueIdentifier>{4cca613e-8979-4fd2-8976-bef3ea433c70}</UniqueIdentifier>
    </Filter>
    <Filter Include="Game\GUI\DebugWindows">
      <UniqueIdentifier>{e0f94144-2eda-4062-a81c-663d85aba012}</UniqueIdentifier>
    </Filter>
    <Filter Include="Game\Camera">
      <UniqueIdentifier>{444d99fb-9da8-4789-b558-8ba75631c583}</UniqueIdentifier>
    </Filter>
    <Filter Include="Game\Physics">
      <UniqueIdentifier>{5b292061-e0c2-4bbc-a3f3-15c6c8d32cfd}</UniqueIdentifier>
    </Filter>
    <Filter Include="Game\GameObjects">
      <UniqueIdentifier>{ae34c99f-5276-4124-8830-00d7d601efca}</UniqueIdentifier>
    </Filter>
    <Filter Include="Game\CharacterControllers">
      <UniqueIdentifier>{73f4101e-aaab-49ec-b0d3-a05f5ee7c929}</UniqueIdentifier>
    </Filter>
  </ItemGroup>
  <ItemGroup>
    <ClInclude Include="stdafx.h">
      <Filter>_Pch</Filter>
    </ClInclude>
    <ClInclude Include="OpenGLDefs.h">
      <Filter>Graphics</Filter>
    </ClInclude>
    <ClInclude Include="GraphicsDevice.h">
      <Filter>Graphics</Filter>
    </ClInclude>
    <ClInclude Include="GraphicsDefs.h">
      <Filter>Graphics</Filter>
    </ClInclude>
    <ClInclude Include="CommonTypes.h">
      <Filter>Application</Filter>
    </ClInclude>
    <ClInclude Include="GpuBuffer.h">
      <Filter>Graphics</Filter>
    </ClInclude>
    <ClInclude Include="GraphicsContext.h">
      <Filter>Graphics</Filter>
    </ClInclude>
    <ClInclude Include="GpuProgram.h">
      <Filter>Graphics</Filter>
    </ClInclude>
    <ClInclude Include="Console.h">
      <Filter>Application</Filter>
    </ClInclude>
    <ClInclude Include="Inputs.h">
      <Filter>Application</Filter>
    </ClInclude>
    <ClInclude Include="System.h">
      <Filter>Application</Filter>
    </ClInclude>
    <ClInclude Include="CarnageGame.h">
      <Filter>Game</Filter>
    </ClInclude>
    <ClInclude Include="FileSystem.h">
      <Filter>Application</Filter>
    </ClInclude>
    <ClInclude Include="RenderProgram.h">
      <Filter>Game\Rendering</Filter>
    </ClInclude>
    <ClInclude Include="GameDefs.h">
      <Filter>Game</Filter>
    </ClInclude>
    <ClInclude Include="cJSON.h">
      <Filter>Third_Party\cjson</Filter>
    </ClInclude>
    <ClInclude Include="std_image.h">
      <Filter>Third_Party\stb</Filter>
    </ClInclude>
    <ClInclude Include="stb_image_write.h">
      <Filter>Third_Party\stb</Filter>
    </ClInclude>
    <ClInclude Include="stb_rect_pack.h">
      <Filter>Third_Party\stb</Filter>
    </ClInclude>
    <ClInclude Include="stb_sprintf.h">
      <Filter>Third_Party\stb</Filter>
    </ClInclude>
    <ClInclude Include="aux_math.h">
      <Filter>Lib</Filter>
    </ClInclude>
    <ClInclude Include="config_document.h">
      <Filter>Lib</Filter>
    </ClInclude>
    <ClInclude Include="frustum.h">
      <Filter>Lib</Filter>
    </ClInclude>
    <ClInclude Include="geometries.h">
      <Filter>Lib</Filter>
    </ClInclude>
    <ClInclude Include="handle.h">
      <Filter>Lib</Filter>
    </ClInclude>
    <ClInclude Include="intrusive_list.h">
      <Filter>Lib</Filter>
    </ClInclude>
    <ClInclude Include="memory_istream.h">
      <Filter>Lib</Filter>
    </ClInclude>
    <ClInclude Include="object_pool.h">
      <Filter>Lib</Filter>
    </ClInclude>
    <ClInclude Include="path_utils.h">
      <Filter>Lib</Filter>
    </ClInclude>
    <ClInclude Include="randomizer.h">
      <Filter>Lib</Filter>
    </ClInclude>
    <ClInclude Include="strings.h">
      <Filter>Lib</Filter>
    </ClInclude>
    <ClInclude Include="imconfig.h">
      <Filter>Third_Party\imgui</Filter>
    </ClInclude>
    <ClInclude Include="imgui.h">
      <Filter>Third_Party\imgui</Filter>
    </ClInclude>
    <ClInclude Include="imgui_internal.h">
      <Filter>Third_Party\imgui</Filter>
    </ClInclude>
    <ClInclude Include="imstb_rectpack.h">
      <Filter>Third_Party\imgui</Filter>
    </ClInclude>
    <ClInclude Include="imstb_textedit.h">
      <Filter>Third_Party\imgui</Filter>
    </ClInclude>
    <ClInclude Include="imstb_truetype.h">
      <Filter>Third_Party\imgui</Filter>
    </ClInclude>
    <ClInclude Include="GuiSystem.h">
      <Filter>Game\GUI</Filter>
    </ClInclude>
    <ClInclude Include="GuiRenderContext.h">
      <Filter>Game\GUI</Filter>
    </ClInclude>
    <ClInclude Include="enum_utils.h">
      <Filter>Lib</Filter>
    </ClInclude>
    <ClInclude Include="GpuTexture2D.h">
      <Filter>Graphics</Filter>
    </ClInclude>
    <ClInclude Include="GpuTextureArray2D.h">
      <Filter>Graphics</Filter>
    </ClInclude>
    <ClInclude Include="ImGuiManager.h">
      <Filter>Game\GUI</Filter>
    </ClInclude>
    <ClInclude Include="DebugWindow.h">
      <Filter>Game\GUI\DebugWindows</Filter>
    </ClInclude>
    <ClInclude Include="ConsoleWindow.h">
      <Filter>Game\GUI\DebugWindows</Filter>
    </ClInclude>
    <ClInclude Include="SpriteAnimation.h">
      <Filter>Game</Filter>
    </ClInclude>
    <ClInclude Include="GameRules.h">
      <Filter>Game</Filter>
    </ClInclude>
    <ClInclude Include="GameCheatsWindow.h">
      <Filter>Game\GUI\DebugWindows</Filter>
    </ClInclude>
    <ClInclude Include="DebugRenderer.h">
      <Filter>Game\Rendering</Filter>
    </ClInclude>
    <ClInclude Include="RenderingManager.h">
      <Filter>Game\Rendering</Filter>
    </ClInclude>
    <ClInclude Include="GameMapHelpers.h">
      <Filter>Game</Filter>
    </ClInclude>
    <ClInclude Include="FollowCameraController.h">
      <Filter>Game\Camera</Filter>
    </ClInclude>
    <ClInclude Include="GameCamera.h">
      <Filter>Game\Camera</Filter>
    </ClInclude>
    <ClInclude Include="CameraController.h">
      <Filter>Game\Camera</Filter>
    </ClInclude>
    <ClInclude Include="FreeLookCameraController.h">
      <Filter>Game\Camera</Filter>
    </ClInclude>
    <ClInclude Include="PhysicsManager.h">
      <Filter>Game\Physics</Filter>
    </ClInclude>
    <ClInclude Include="PhysicsDefs.h">
      <Filter>Game\Physics</Filter>
    </ClInclude>
    <ClInclude Include="GameMapManager.h">
      <Filter>Game</Filter>
    </ClInclude>
    <ClInclude Include="SpriteManager.h">
      <Filter>Game</Filter>
    </ClInclude>
    <ClInclude Include="StyleData.h">
      <Filter>Game</Filter>
    </ClInclude>
    <ClInclude Include="PixelsArray.h">
      <Filter>Graphics</Filter>
    </ClInclude>
    <ClInclude Include="PhysicsComponents.h">
      <Filter>Game\Physics</Filter>
    </ClInclude>
    <ClInclude Include="Vehicle.h">
      <Filter>Game\GameObjects</Filter>
    </ClInclude>
    <ClInclude Include="Pedestrian.h">
      <Filter>Game\GameObjects</Filter>
    </ClInclude>
    <ClInclude Include="GameObject.h">
      <Filter>Game\GameObjects</Filter>
    </ClInclude>
    <ClInclude Include="GameObjectsManager.h">
      <Filter>Game</Filter>
    </ClInclude>
    <ClInclude Include="SpriteBatch.h">
      <Filter>Game\Rendering</Filter>
    </ClInclude>
    <ClInclude Include="MapRenderer.h">
      <Filter>Game\Rendering</Filter>
    </ClInclude>
    <ClInclude Include="CharacterController.h">
      <Filter>Game\CharacterControllers</Filter>
    </ClInclude>
    <ClInclude Include="AiCharacterController.h">
      <Filter>Game\CharacterControllers</Filter>
    </ClInclude>
    <ClInclude Include="HumanCharacterController.h">
      <Filter>Game\CharacterControllers</Filter>
    </ClInclude>
    <ClInclude Include="PedestrianStates.h">
      <Filter>Game\GameObjects</Filter>
    </ClInclude>
    <ClInclude Include="noncopyable.h">
      <Filter>Lib</Filter>
    </ClInclude>
    <ClInclude Include="macro.h">
      <Filter>Lib</Filter>
    </ClInclude>
    <ClInclude Include="MemoryManager.h">
      <Filter>Application</Filter>
    </ClInclude>
    <ClInclude Include="mem_allocators.h">
      <Filter>Lib</Filter>
    </ClInclude>
    <ClInclude Include="Sprite2D.h">
      <Filter>Game\Rendering</Filter>
    </ClInclude>
    <ClInclude Include="GpuBufferTexture.h">
      <Filter>Graphics</Filter>
    </ClInclude>
    <ClInclude Include="Convert.h">
      <Filter>Game</Filter>
    </ClInclude>
    <ClInclude Include="TrimeshBuffer.h">
      <Filter>Game\Rendering</Filter>
    </ClInclude>
    <ClInclude Include="RenderView.h">
      <Filter>Game\Rendering</Filter>
    </ClInclude>
    <ClInclude Include="HumanCharacterView.h">
      <Filter>Game</Filter>
    </ClInclude>
  </ItemGroup>
  <ItemGroup>
    <ClCompile Include="stdafx.cpp">
      <Filter>_Pch</Filter>
    </ClCompile>
    <ClCompile Include="GraphicsDevice.cpp">
      <Filter>Graphics</Filter>
    </ClCompile>
    <ClCompile Include="GpuBuffer.cpp">
      <Filter>Graphics</Filter>
    </ClCompile>
    <ClCompile Include="GpuProgram.cpp">
      <Filter>Graphics</Filter>
    </ClCompile>
    <ClCompile Include="Console.cpp">
      <Filter>Application</Filter>
    </ClCompile>
    <ClCompile Include="Inputs.cpp">
      <Filter>Application</Filter>
    </ClCompile>
    <ClCompile Include="System.cpp">
      <Filter>Application</Filter>
    </ClCompile>
    <ClCompile Include="Main.cpp" />
    <ClCompile Include="CarnageGame.cpp">
      <Filter>Game</Filter>
    </ClCompile>
    <ClCompile Include="FileSystem.cpp">
      <Filter>Application</Filter>
    </ClCompile>
    <ClCompile Include="RenderProgram.cpp">
      <Filter>Game\Rendering</Filter>
    </ClCompile>
    <ClCompile Include="imgui.cpp">
      <Filter>Third_Party\imgui</Filter>
    </ClCompile>
    <ClCompile Include="cJSON.cpp">
      <Filter>Third_Party\cjson</Filter>
    </ClCompile>
    <ClCompile Include="config_document.cpp">
      <Filter>Lib</Filter>
    </ClCompile>
    <ClCompile Include="strings.cpp">
      <Filter>Lib</Filter>
    </ClCompile>
    <ClCompile Include="imgui_demo.cpp">
      <Filter>Third_Party\imgui</Filter>
    </ClCompile>
    <ClCompile Include="imgui_draw.cpp">
      <Filter>Third_Party\imgui</Filter>
    </ClCompile>
    <ClCompile Include="imgui_widgets.cpp">
      <Filter>Third_Party\imgui</Filter>
    </ClCompile>
    <ClCompile Include="GuiSystem.cpp">
      <Filter>Game\GUI</Filter>
    </ClCompile>
    <ClCompile Include="GuiRenderContext.cpp">
      <Filter>Game\GUI</Filter>
    </ClCompile>
    <ClCompile Include="GpuTexture2D.cpp">
      <Filter>Graphics</Filter>
    </ClCompile>
    <ClCompile Include="GpuTextureArray2D.cpp">
      <Filter>Graphics</Filter>
    </ClCompile>
    <ClCompile Include="ImGuiManager.cpp">
      <Filter>Game\GUI</Filter>
    </ClCompile>
    <ClCompile Include="DebugWindow.cpp">
      <Filter>Game\GUI\DebugWindows</Filter>
    </ClCompile>
    <ClCompile Include="ConsoleWindow.cpp">
      <Filter>Game\GUI\DebugWindows</Filter>
    </ClCompile>
    <ClCompile Include="stb_rect_pack.cpp">
      <Filter>Third_Party\stb</Filter>
    </ClCompile>
    <ClCompile Include="SpriteAnimation.cpp">
      <Filter>Game</Filter>
    </ClCompile>
    <ClCompile Include="GameRules.cpp">
      <Filter>Game</Filter>
    </ClCompile>
    <ClCompile Include="GameCheatsWindow.cpp">
      <Filter>Game\GUI\DebugWindows</Filter>
    </ClCompile>
    <ClCompile Include="DebugRenderer.cpp">
      <Filter>Game\Rendering</Filter>
    </ClCompile>
    <ClCompile Include="RenderingManager.cpp">
      <Filter>Game\Rendering</Filter>
    </ClCompile>
    <ClCompile Include="GameMapHelpers.cpp">
      <Filter>Game</Filter>
    </ClCompile>
    <ClCompile Include="FollowCameraController.cpp">
      <Filter>Game\Camera</Filter>
    </ClCompile>
    <ClCompile Include="GameCamera.cpp">
      <Filter>Game\Camera</Filter>
    </ClCompile>
    <ClCompile Include="FreeLookCameraController.cpp">
      <Filter>Game\Camera</Filter>
    </ClCompile>
    <ClCompile Include="PhysicsManager.cpp">
      <Filter>Game\Physics</Filter>
    </ClCompile>
    <ClCompile Include="GameMapManager.cpp">
      <Filter>Game</Filter>
    </ClCompile>
    <ClCompile Include="SpriteManager.cpp">
      <Filter>Game</Filter>
    </ClCompile>
    <ClCompile Include="StyleData.cpp">
      <Filter>Game</Filter>
    </ClCompile>
    <ClCompile Include="PixelsArray.cpp">
      <Filter>Graphics</Filter>
    </ClCompile>
    <ClCompile Include="PhysicsComponents.cpp">
      <Filter>Game\Physics</Filter>
    </ClCompile>
    <ClCompile Include="Vehicle.cpp">
      <Filter>Game\GameObjects</Filter>
    </ClCompile>
    <ClCompile Include="Pedestrian.cpp">
      <Filter>Game\GameObjects</Filter>
    </ClCompile>
    <ClCompile Include="GameObjectsManager.cpp">
      <Filter>Game</Filter>
    </ClCompile>
    <ClCompile Include="SpriteBatch.cpp">
      <Filter>Game\Rendering</Filter>
    </ClCompile>
    <ClCompile Include="MapRenderer.cpp">
      <Filter>Game\Rendering</Filter>
    </ClCompile>
    <ClCompile Include="CharacterController.cpp">
      <Filter>Game\CharacterControllers</Filter>
    </ClCompile>
    <ClCompile Include="AiCharacterController.cpp">
      <Filter>Game\CharacterControllers</Filter>
    </ClCompile>
    <ClCompile Include="HumanCharacterController.cpp">
      <Filter>Game\CharacterControllers</Filter>
    </ClCompile>
    <ClCompile Include="PedestrianStates.cpp">
      <Filter>Game\GameObjects</Filter>
    </ClCompile>
    <ClCompile Include="path_utils.cpp">
      <Filter>Lib</Filter>
    </ClCompile>
    <ClCompile Include="enums_impl.cpp" />
    <ClCompile Include="MemoryManager.cpp">
      <Filter>Application</Filter>
    </ClCompile>
    <ClCompile Include="mem_allocators.cpp">
      <Filter>Lib</Filter>
    </ClCompile>
    <ClCompile Include="Sprite2D.cpp">
      <Filter>Game\Rendering</Filter>
    </ClCompile>
    <ClCompile Include="GpuBufferTexture.cpp">
      <Filter>Graphics</Filter>
    </ClCompile>
    <ClCompile Include="TrimeshBuffer.cpp">
      <Filter>Game\Rendering</Filter>
    </ClCompile>
    <ClCompile Include="HumanCharacterView.cpp">
      <Filter>Game</Filter>
    </ClCompile>
    <ClCompile Include="RenderView.cpp">
      <Filter>Game\Rendering</Filter>
    </ClCompile>
  </ItemGroup>
  <ItemGroup>
    <None Include="..\gamedata\config\sys_config.json.default">
      <Filter>Data\config</Filter>
    </None>
    <None Include="..\gamedata\shaders\city_mesh.glsl">
      <Filter>Data\shaders</Filter>
    </None>
    <None Include="..\gamedata\shaders\debug.glsl">
      <Filter>Data\shaders</Filter>
    </None>
    <None Include="..\gamedata\shaders\gui.glsl">
      <Filter>Data\shaders</Filter>
    </None>
    <None Include="..\gamedata\shaders\sprites.glsl">
      <Filter>Data\shaders</Filter>
    </None>
    <None Include="..\gamedata\shaders\texture_color.glsl">
      <Filter>Data\shaders</Filter>
    </None>
    <None Include="..\gamedata\config\inputs.json.default">
      <Filter>Data\config</Filter>
    </None>
  </ItemGroup>
  <ItemGroup>
    <Text Include="..\docs\CorrectionsToCDS.txt">
      <Filter>Docs</Filter>
    </Text>
    <Text Include="..\docs\Sprites.txt">
      <Filter>Docs</Filter>
    </Text>
    <Text Include="..\docs\ped.txt">
      <Filter>Docs</Filter>
    </Text>
  </ItemGroup>
</Project>